// !$*UTF8*$!
{
	archiveVersion = 1;
	classes = {
	};
	objectVersion = 50;
	objects = {

/* Begin PBXBuildFile section */
		995688B2C24505CBE8B54E12 /* Pods_MVVMPractice.framework in Frameworks */ = {isa = PBXBuildFile; fileRef = 5967E2A35EAB8E823C72C2C6 /* Pods_MVVMPractice.framework */; };
		F14EC30927049565001B4EE7 /* AppDelegate.swift in Sources */ = {isa = PBXBuildFile; fileRef = F14EC30827049565001B4EE7 /* AppDelegate.swift */; };
		F14EC30B27049565001B4EE7 /* SceneDelegate.swift in Sources */ = {isa = PBXBuildFile; fileRef = F14EC30A27049565001B4EE7 /* SceneDelegate.swift */; };
		F14EC31227049566001B4EE7 /* Assets.xcassets in Resources */ = {isa = PBXBuildFile; fileRef = F14EC31127049566001B4EE7 /* Assets.xcassets */; };
		F14EC31527049566001B4EE7 /* LaunchScreen.storyboard in Resources */ = {isa = PBXBuildFile; fileRef = F14EC31327049566001B4EE7 /* LaunchScreen.storyboard */; };
		F1AD2976271D3C9F000B3F95 /* NotificationCenterViewController.swift in Sources */ = {isa = PBXBuildFile; fileRef = F1AD2975271D3C9F000B3F95 /* NotificationCenterViewController.swift */; };
		F1AD2979271D3CC5000B3F95 /* NotificationCenter.storyboard in Resources */ = {isa = PBXBuildFile; fileRef = F1AD2978271D3CC5000B3F95 /* NotificationCenter.storyboard */; };
		F1AD297E271D3CF5000B3F95 /* NotificationCenterViewModel.swift in Sources */ = {isa = PBXBuildFile; fileRef = F1AD297D271D3CF5000B3F95 /* NotificationCenterViewModel.swift */; };
		F1AD2980271D3D07000B3F95 /* NotificationCenterModel.swift in Sources */ = {isa = PBXBuildFile; fileRef = F1AD297F271D3D07000B3F95 /* NotificationCenterModel.swift */; };
		F1AD2982271D3F4E000B3F95 /* NotificationName.swift in Sources */ = {isa = PBXBuildFile; fileRef = F1AD2981271D3F4E000B3F95 /* NotificationName.swift */; };
		F1F1242D2722F16C009B38FB /* RxSwiftViewModel.swift in Sources */ = {isa = PBXBuildFile; fileRef = F1F1242C2722F16C009B38FB /* RxSwiftViewModel.swift */; };
/* End PBXBuildFile section */

/* Begin PBXFileReference section */
		5967E2A35EAB8E823C72C2C6 /* Pods_MVVMPractice.framework */ = {isa = PBXFileReference; explicitFileType = wrapper.framework; includeInIndex = 0; path = Pods_MVVMPractice.framework; sourceTree = BUILT_PRODUCTS_DIR; };
		CD1E5F7A88339E56D9B32E6B /* Pods-MVVMPractice.debug.xcconfig */ = {isa = PBXFileReference; includeInIndex = 1; lastKnownFileType = text.xcconfig; name = "Pods-MVVMPractice.debug.xcconfig"; path = "Target Support Files/Pods-MVVMPractice/Pods-MVVMPractice.debug.xcconfig"; sourceTree = "<group>"; };
		D48D2AB5A41BAB80ED889EE5 /* Pods-MVVMPractice.release.xcconfig */ = {isa = PBXFileReference; includeInIndex = 1; lastKnownFileType = text.xcconfig; name = "Pods-MVVMPractice.release.xcconfig"; path = "Target Support Files/Pods-MVVMPractice/Pods-MVVMPractice.release.xcconfig"; sourceTree = "<group>"; };
		F14EC30527049565001B4EE7 /* MVVMPractice.app */ = {isa = PBXFileReference; explicitFileType = wrapper.application; includeInIndex = 0; path = MVVMPractice.app; sourceTree = BUILT_PRODUCTS_DIR; };
		F14EC30827049565001B4EE7 /* AppDelegate.swift */ = {isa = PBXFileReference; lastKnownFileType = sourcecode.swift; path = AppDelegate.swift; sourceTree = "<group>"; };
		F14EC30A27049565001B4EE7 /* SceneDelegate.swift */ = {isa = PBXFileReference; lastKnownFileType = sourcecode.swift; path = SceneDelegate.swift; sourceTree = "<group>"; };
		F14EC31127049566001B4EE7 /* Assets.xcassets */ = {isa = PBXFileReference; lastKnownFileType = folder.assetcatalog; path = Assets.xcassets; sourceTree = "<group>"; };
		F14EC31427049566001B4EE7 /* Base */ = {isa = PBXFileReference; lastKnownFileType = file.storyboard; name = Base; path = Base.lproj/LaunchScreen.storyboard; sourceTree = "<group>"; };
		F14EC31627049566001B4EE7 /* Info.plist */ = {isa = PBXFileReference; lastKnownFileType = text.plist.xml; path = Info.plist; sourceTree = "<group>"; };
		F1AD2975271D3C9F000B3F95 /* NotificationCenterViewController.swift */ = {isa = PBXFileReference; lastKnownFileType = sourcecode.swift; path = NotificationCenterViewController.swift; sourceTree = "<group>"; };
		F1AD2978271D3CC5000B3F95 /* NotificationCenter.storyboard */ = {isa = PBXFileReference; lastKnownFileType = file.storyboard; path = NotificationCenter.storyboard; sourceTree = "<group>"; };
		F1AD297D271D3CF5000B3F95 /* NotificationCenterViewModel.swift */ = {isa = PBXFileReference; lastKnownFileType = sourcecode.swift; path = NotificationCenterViewModel.swift; sourceTree = "<group>"; };
		F1AD297F271D3D07000B3F95 /* NotificationCenterModel.swift */ = {isa = PBXFileReference; lastKnownFileType = sourcecode.swift; path = NotificationCenterModel.swift; sourceTree = "<group>"; };
		F1AD2981271D3F4E000B3F95 /* NotificationName.swift */ = {isa = PBXFileReference; lastKnownFileType = sourcecode.swift; path = NotificationName.swift; sourceTree = "<group>"; };
		F1F1242C2722F16C009B38FB /* RxSwiftViewModel.swift */ = {isa = PBXFileReference; lastKnownFileType = sourcecode.swift; path = RxSwiftViewModel.swift; sourceTree = "<group>"; };
/* End PBXFileReference section */

/* Begin PBXFrameworksBuildPhase section */
		F14EC30227049565001B4EE7 /* Frameworks */ = {
			isa = PBXFrameworksBuildPhase;
			buildActionMask = 2147483647;
			files = (
				995688B2C24505CBE8B54E12 /* Pods_MVVMPractice.framework in Frameworks */,
			);
			runOnlyForDeploymentPostprocessing = 0;
		};
/* End PBXFrameworksBuildPhase section */

/* Begin PBXGroup section */
		1ECADB2B2AD20EB790E8EA04 /* Pods */ = {
			isa = PBXGroup;
			children = (
				CD1E5F7A88339E56D9B32E6B /* Pods-MVVMPractice.debug.xcconfig */,
				D48D2AB5A41BAB80ED889EE5 /* Pods-MVVMPractice.release.xcconfig */,
			);
			name = Pods;
			path = Pods;
			sourceTree = "<group>";
		};
		5F164AD8F29675202F62F482 /* Frameworks */ = {
			isa = PBXGroup;
			children = (
				5967E2A35EAB8E823C72C2C6 /* Pods_MVVMPractice.framework */,
			);
			name = Frameworks;
			sourceTree = "<group>";
		};
		F14EC2FC27049565001B4EE7 = {
			isa = PBXGroup;
			children = (
				F14EC30727049565001B4EE7 /* MVVMPractice */,
				F14EC30627049565001B4EE7 /* Products */,
				1ECADB2B2AD20EB790E8EA04 /* Pods */,
				5F164AD8F29675202F62F482 /* Frameworks */,
			);
			sourceTree = "<group>";
		};
		F14EC30627049565001B4EE7 /* Products */ = {
			isa = PBXGroup;
			children = (
				F14EC30527049565001B4EE7 /* MVVMPractice.app */,
			);
			name = Products;
			sourceTree = "<group>";
		};
		F14EC30727049565001B4EE7 /* MVVMPractice */ = {
			isa = PBXGroup;
			children = (
				F1B72D09272173B200D248F0 /* RxSwiftPattern */,
				F1AD2977271D3CA6000B3F95 /* NotificationCenterPattern */,
				F1AD2983271D3FC4000B3F95 /* Extension */,
				F14EC30827049565001B4EE7 /* AppDelegate.swift */,
				F14EC30A27049565001B4EE7 /* SceneDelegate.swift */,
				F14EC31127049566001B4EE7 /* Assets.xcassets */,
				F14EC31327049566001B4EE7 /* LaunchScreen.storyboard */,
				F14EC31627049566001B4EE7 /* Info.plist */,
			);
			path = MVVMPractice;
			sourceTree = "<group>";
		};
		F1AD2977271D3CA6000B3F95 /* NotificationCenterPattern */ = {
			isa = PBXGroup;
			children = (
				F1AD297C271D3CD8000B3F95 /* Model */,
				F1AD297B271D3CD0000B3F95 /* ViewModel */,
				F1AD297A271D3CC9000B3F95 /* View */,
			);
			path = NotificationCenterPattern;
			sourceTree = "<group>";
		};
		F1AD297A271D3CC9000B3F95 /* View */ = {
			isa = PBXGroup;
			children = (
				F1AD2975271D3C9F000B3F95 /* NotificationCenterViewController.swift */,
				F1AD2978271D3CC5000B3F95 /* NotificationCenter.storyboard */,
			);
			path = View;
			sourceTree = "<group>";
		};
		F1AD297B271D3CD0000B3F95 /* ViewModel */ = {
			isa = PBXGroup;
			children = (
				F1AD297D271D3CF5000B3F95 /* NotificationCenterViewModel.swift */,
			);
			path = ViewModel;
			sourceTree = "<group>";
		};
		F1AD297C271D3CD8000B3F95 /* Model */ = {
			isa = PBXGroup;
			children = (
				F1AD297F271D3D07000B3F95 /* NotificationCenterModel.swift */,
			);
			path = Model;
			sourceTree = "<group>";
		};
		F1AD2983271D3FC4000B3F95 /* Extension */ = {
			isa = PBXGroup;
			children = (
				F1AD2981271D3F4E000B3F95 /* NotificationName.swift */,
			);
			path = Extension;
			sourceTree = "<group>";
		};
		F1B72D09272173B200D248F0 /* RxSwiftPattern */ = {
			isa = PBXGroup;
			children = (
				F1B72D0C272173DA00D248F0 /* Model */,
				F1B72D0B272173D000D248F0 /* ViewModel */,
				F1B72D0A272173C000D248F0 /* View */,
			);
			path = RxSwiftPattern;
			sourceTree = "<group>";
		};
		F1B72D0A272173C000D248F0 /* View */ = {
			isa = PBXGroup;
			children = (
			);
			path = View;
			sourceTree = "<group>";
		};
		F1B72D0B272173D000D248F0 /* ViewModel */ = {
			isa = PBXGroup;
			children = (
				F1F1242C2722F16C009B38FB /* RxSwiftViewModel.swift */,
			);
			path = ViewModel;
			sourceTree = "<group>";
		};
		F1B72D0C272173DA00D248F0 /* Model */ = {
			isa = PBXGroup;
			children = (
			);
			path = Model;
			sourceTree = "<group>";
		};
/* End PBXGroup section */

/* Begin PBXNativeTarget section */
		F14EC30427049565001B4EE7 /* MVVMPractice */ = {
			isa = PBXNativeTarget;
			buildConfigurationList = F14EC31927049566001B4EE7 /* Build configuration list for PBXNativeTarget "MVVMPractice" */;
			buildPhases = (
				EE46BD8290F1BA3F986A49EF /* [CP] Check Pods Manifest.lock */,
				F14EC30127049565001B4EE7 /* Sources */,
				F14EC30227049565001B4EE7 /* Frameworks */,
				F14EC30327049565001B4EE7 /* Resources */,
				4E4D542BF83DC668BCB3EAC3 /* [CP] Embed Pods Frameworks */,
			);
			buildRules = (
			);
			dependencies = (
			);
			name = MVVMPractice;
			productName = MVVMPractice;
			productReference = F14EC30527049565001B4EE7 /* MVVMPractice.app */;
			productType = "com.apple.product-type.application";
		};
/* End PBXNativeTarget section */

/* Begin PBXProject section */
		F14EC2FD27049565001B4EE7 /* Project object */ = {
			isa = PBXProject;
			attributes = {
				LastSwiftUpdateCheck = 1250;
				LastUpgradeCheck = 1250;
				TargetAttributes = {
					F14EC30427049565001B4EE7 = {
						CreatedOnToolsVersion = 12.5.1;
					};
				};
			};
			buildConfigurationList = F14EC30027049565001B4EE7 /* Build configuration list for PBXProject "MVVMPractice" */;
			compatibilityVersion = "Xcode 9.3";
			developmentRegion = en;
			hasScannedForEncodings = 0;
			knownRegions = (
				en,
				Base,
			);
			mainGroup = F14EC2FC27049565001B4EE7;
			productRefGroup = F14EC30627049565001B4EE7 /* Products */;
			projectDirPath = "";
			projectRoot = "";
			targets = (
				F14EC30427049565001B4EE7 /* MVVMPractice */,
			);
		};
/* End PBXProject section */

/* Begin PBXResourcesBuildPhase section */
		F14EC30327049565001B4EE7 /* Resources */ = {
			isa = PBXResourcesBuildPhase;
			buildActionMask = 2147483647;
			files = (
				F1AD2979271D3CC5000B3F95 /* NotificationCenter.storyboard in Resources */,
				F14EC31527049566001B4EE7 /* LaunchScreen.storyboard in Resources */,
				F14EC31227049566001B4EE7 /* Assets.xcassets in Resources */,
			);
			runOnlyForDeploymentPostprocessing = 0;
		};
/* End PBXResourcesBuildPhase section */

/* Begin PBXShellScriptBuildPhase section */
		4E4D542BF83DC668BCB3EAC3 /* [CP] Embed Pods Frameworks */ = {
			isa = PBXShellScriptBuildPhase;
			buildActionMask = 2147483647;
			files = (
			);
			inputFileListPaths = (
				"${PODS_ROOT}/Target Support Files/Pods-MVVMPractice/Pods-MVVMPractice-frameworks-${CONFIGURATION}-input-files.xcfilelist",
			);
			name = "[CP] Embed Pods Frameworks";
			outputFileListPaths = (
				"${PODS_ROOT}/Target Support Files/Pods-MVVMPractice/Pods-MVVMPractice-frameworks-${CONFIGURATION}-output-files.xcfilelist",
			);
			runOnlyForDeploymentPostprocessing = 0;
			shellPath = /bin/sh;
			shellScript = "\"${PODS_ROOT}/Target Support Files/Pods-MVVMPractice/Pods-MVVMPractice-frameworks.sh\"\n";
			showEnvVarsInLog = 0;
		};
		EE46BD8290F1BA3F986A49EF /* [CP] Check Pods Manifest.lock */ = {
			isa = PBXShellScriptBuildPhase;
			buildActionMask = 2147483647;
			files = (
			);
			inputFileListPaths = (
			);
			inputPaths = (
				"${PODS_PODFILE_DIR_PATH}/Podfile.lock",
				"${PODS_ROOT}/Manifest.lock",
			);
			name = "[CP] Check Pods Manifest.lock";
			outputFileListPaths = (
			);
			outputPaths = (
				"$(DERIVED_FILE_DIR)/Pods-MVVMPractice-checkManifestLockResult.txt",
			);
			runOnlyForDeploymentPostprocessing = 0;
			shellPath = /bin/sh;
			shellScript = "diff \"${PODS_PODFILE_DIR_PATH}/Podfile.lock\" \"${PODS_ROOT}/Manifest.lock\" > /dev/null\nif [ $? != 0 ] ; then\n    # print error to STDERR\n    echo \"error: The sandbox is not in sync with the Podfile.lock. Run 'pod install' or update your CocoaPods installation.\" >&2\n    exit 1\nfi\n# This output is used by Xcode 'outputs' to avoid re-running this script phase.\necho \"SUCCESS\" > \"${SCRIPT_OUTPUT_FILE_0}\"\n";
			showEnvVarsInLog = 0;
		};
/* End PBXShellScriptBuildPhase section */

/* Begin PBXSourcesBuildPhase section */
		F14EC30127049565001B4EE7 /* Sources */ = {
			isa = PBXSourcesBuildPhase;
			buildActionMask = 2147483647;
			files = (
				F1AD2976271D3C9F000B3F95 /* NotificationCenterViewController.swift in Sources */,
				F1AD2980271D3D07000B3F95 /* NotificationCenterModel.swift in Sources */,
				F1AD2982271D3F4E000B3F95 /* NotificationName.swift in Sources */,
				F1AD297E271D3CF5000B3F95 /* NotificationCenterViewModel.swift in Sources */,
				F14EC30927049565001B4EE7 /* AppDelegate.swift in Sources */,
				F1F1242D2722F16C009B38FB /* RxSwiftViewModel.swift in Sources */,
				F14EC30B27049565001B4EE7 /* SceneDelegate.swift in Sources */,
			);
			runOnlyForDeploymentPostprocessing = 0;
		};
/* End PBXSourcesBuildPhase section */

/* Begin PBXVariantGroup section */
		F14EC31327049566001B4EE7 /* LaunchScreen.storyboard */ = {
			isa = PBXVariantGroup;
			children = (
				F14EC31427049566001B4EE7 /* Base */,
			);
			name = LaunchScreen.storyboard;
			sourceTree = "<group>";
		};
/* End PBXVariantGroup section */

/* Begin XCBuildConfiguration section */
		F14EC31727049566001B4EE7 /* Debug */ = {
			isa = XCBuildConfiguration;
			buildSettings = {
				ALWAYS_SEARCH_USER_PATHS = NO;
				CLANG_ANALYZER_NONNULL = YES;
				CLANG_ANALYZER_NUMBER_OBJECT_CONVERSION = YES_AGGRESSIVE;
				CLANG_CXX_LANGUAGE_STANDARD = "gnu++14";
				CLANG_CXX_LIBRARY = "libc++";
				CLANG_ENABLE_MODULES = YES;
				CLANG_ENABLE_OBJC_ARC = YES;
				CLANG_ENABLE_OBJC_WEAK = YES;
				CLANG_WARN_BLOCK_CAPTURE_AUTORELEASING = YES;
				CLANG_WARN_BOOL_CONVERSION = YES;
				CLANG_WARN_COMMA = YES;
				CLANG_WARN_CONSTANT_CONVERSION = YES;
				CLANG_WARN_DEPRECATED_OBJC_IMPLEMENTATIONS = YES;
				CLANG_WARN_DIRECT_OBJC_ISA_USAGE = YES_ERROR;
				CLANG_WARN_DOCUMENTATION_COMMENTS = YES;
				CLANG_WARN_EMPTY_BODY = YES;
				CLANG_WARN_ENUM_CONVERSION = YES;
				CLANG_WARN_INFINITE_RECURSION = YES;
				CLANG_WARN_INT_CONVERSION = YES;
				CLANG_WARN_NON_LITERAL_NULL_CONVERSION = YES;
				CLANG_WARN_OBJC_IMPLICIT_RETAIN_SELF = YES;
				CLANG_WARN_OBJC_LITERAL_CONVERSION = YES;
				CLANG_WARN_OBJC_ROOT_CLASS = YES_ERROR;
				CLANG_WARN_QUOTED_INCLUDE_IN_FRAMEWORK_HEADER = YES;
				CLANG_WARN_RANGE_LOOP_ANALYSIS = YES;
				CLANG_WARN_STRICT_PROTOTYPES = YES;
				CLANG_WARN_SUSPICIOUS_MOVE = YES;
				CLANG_WARN_UNGUARDED_AVAILABILITY = YES_AGGRESSIVE;
				CLANG_WARN_UNREACHABLE_CODE = YES;
				CLANG_WARN__DUPLICATE_METHOD_MATCH = YES;
				COPY_PHASE_STRIP = NO;
				DEBUG_INFORMATION_FORMAT = dwarf;
				ENABLE_STRICT_OBJC_MSGSEND = YES;
				ENABLE_TESTABILITY = YES;
				GCC_C_LANGUAGE_STANDARD = gnu11;
				GCC_DYNAMIC_NO_PIC = NO;
				GCC_NO_COMMON_BLOCKS = YES;
				GCC_OPTIMIZATION_LEVEL = 0;
				GCC_PREPROCESSOR_DEFINITIONS = (
					"DEBUG=1",
					"$(inherited)",
				);
				GCC_WARN_64_TO_32_BIT_CONVERSION = YES;
				GCC_WARN_ABOUT_RETURN_TYPE = YES_ERROR;
				GCC_WARN_UNDECLARED_SELECTOR = YES;
				GCC_WARN_UNINITIALIZED_AUTOS = YES_AGGRESSIVE;
				GCC_WARN_UNUSED_FUNCTION = YES;
				GCC_WARN_UNUSED_VARIABLE = YES;
				IPHONEOS_DEPLOYMENT_TARGET = 14.5;
				MTL_ENABLE_DEBUG_INFO = INCLUDE_SOURCE;
				MTL_FAST_MATH = YES;
				ONLY_ACTIVE_ARCH = YES;
				SDKROOT = iphoneos;
				SWIFT_ACTIVE_COMPILATION_CONDITIONS = DEBUG;
				SWIFT_OPTIMIZATION_LEVEL = "-Onone";
			};
			name = Debug;
		};
		F14EC31827049566001B4EE7 /* Release */ = {
			isa = XCBuildConfiguration;
			buildSettings = {
				ALWAYS_SEARCH_USER_PATHS = NO;
				CLANG_ANALYZER_NONNULL = YES;
				CLANG_ANALYZER_NUMBER_OBJECT_CONVERSION = YES_AGGRESSIVE;
				CLANG_CXX_LANGUAGE_STANDARD = "gnu++14";
				CLANG_CXX_LIBRARY = "libc++";
				CLANG_ENABLE_MODULES = YES;
				CLANG_ENABLE_OBJC_ARC = YES;
				CLANG_ENABLE_OBJC_WEAK = YES;
				CLANG_WARN_BLOCK_CAPTURE_AUTORELEASING = YES;
				CLANG_WARN_BOOL_CONVERSION = YES;
				CLANG_WARN_COMMA = YES;
				CLANG_WARN_CONSTANT_CONVERSION = YES;
				CLANG_WARN_DEPRECATED_OBJC_IMPLEMENTATIONS = YES;
				CLANG_WARN_DIRECT_OBJC_ISA_USAGE = YES_ERROR;
				CLANG_WARN_DOCUMENTATION_COMMENTS = YES;
				CLANG_WARN_EMPTY_BODY = YES;
				CLANG_WARN_ENUM_CONVERSION = YES;
				CLANG_WARN_INFINITE_RECURSION = YES;
				CLANG_WARN_INT_CONVERSION = YES;
				CLANG_WARN_NON_LITERAL_NULL_CONVERSION = YES;
				CLANG_WARN_OBJC_IMPLICIT_RETAIN_SELF = YES;
				CLANG_WARN_OBJC_LITERAL_CONVERSION = YES;
				CLANG_WARN_OBJC_ROOT_CLASS = YES_ERROR;
				CLANG_WARN_QUOTED_INCLUDE_IN_FRAMEWORK_HEADER = YES;
				CLANG_WARN_RANGE_LOOP_ANALYSIS = YES;
				CLANG_WARN_STRICT_PROTOTYPES = YES;
				CLANG_WARN_SUSPICIOUS_MOVE = YES;
				CLANG_WARN_UNGUARDED_AVAILABILITY = YES_AGGRESSIVE;
				CLANG_WARN_UNREACHABLE_CODE = YES;
				CLANG_WARN__DUPLICATE_METHOD_MATCH = YES;
				COPY_PHASE_STRIP = NO;
				DEBUG_INFORMATION_FORMAT = "dwarf-with-dsym";
				ENABLE_NS_ASSERTIONS = NO;
				ENABLE_STRICT_OBJC_MSGSEND = YES;
				GCC_C_LANGUAGE_STANDARD = gnu11;
				GCC_NO_COMMON_BLOCKS = YES;
				GCC_WARN_64_TO_32_BIT_CONVERSION = YES;
				GCC_WARN_ABOUT_RETURN_TYPE = YES_ERROR;
				GCC_WARN_UNDECLARED_SELECTOR = YES;
				GCC_WARN_UNINITIALIZED_AUTOS = YES_AGGRESSIVE;
				GCC_WARN_UNUSED_FUNCTION = YES;
				GCC_WARN_UNUSED_VARIABLE = YES;
				IPHONEOS_DEPLOYMENT_TARGET = 14.5;
				MTL_ENABLE_DEBUG_INFO = NO;
				MTL_FAST_MATH = YES;
				SDKROOT = iphoneos;
				SWIFT_COMPILATION_MODE = wholemodule;
				SWIFT_OPTIMIZATION_LEVEL = "-O";
				VALIDATE_PRODUCT = YES;
			};
			name = Release;
		};
		F14EC31A27049566001B4EE7 /* Debug */ = {
			isa = XCBuildConfiguration;
			baseConfigurationReference = CD1E5F7A88339E56D9B32E6B /* Pods-MVVMPractice.debug.xcconfig */;
			buildSettings = {
				ASSETCATALOG_COMPILER_APPICON_NAME = AppIcon;
				ASSETCATALOG_COMPILER_GLOBAL_ACCENT_COLOR_NAME = AccentColor;
				CODE_SIGN_STYLE = Automatic;
				INFOPLIST_FILE = MVVMPractice/Info.plist;
				LD_RUNPATH_SEARCH_PATHS = (
					"$(inherited)",
					"@executable_path/Frameworks",
				);
				PRODUCT_BUNDLE_IDENTIFIER = net.matsushima.MVVMPractice;
				PRODUCT_NAME = "$(TARGET_NAME)";
				SWIFT_VERSION = 5.0;
				TARGETED_DEVICE_FAMILY = "1,2";
			};
			name = Debug;
		};
		F14EC31B27049566001B4EE7 /* Release */ = {
			isa = XCBuildConfiguration;
			baseConfigurationReference = D48D2AB5A41BAB80ED889EE5 /* Pods-MVVMPractice.release.xcconfig */;
			buildSettings = {
				ASSETCATALOG_COMPILER_APPICON_NAME = AppIcon;
				ASSETCATALOG_COMPILER_GLOBAL_ACCENT_COLOR_NAME = AccentColor;
				CODE_SIGN_STYLE = Automatic;
				INFOPLIST_FILE = MVVMPractice/Info.plist;
				LD_RUNPATH_SEARCH_PATHS = (
					"$(inherited)",
					"@executable_path/Frameworks",
				);
				PRODUCT_BUNDLE_IDENTIFIER = net.matsushima.MVVMPractice;
				PRODUCT_NAME = "$(TARGET_NAME)";
				SWIFT_VERSION = 5.0;
				TARGETED_DEVICE_FAMILY = "1,2";
			};
			name = Release;
		};
/* End XCBuildConfiguration section */

/* Begin XCConfigurationList section */
		F14EC30027049565001B4EE7 /* Build configuration list for PBXProject "MVVMPractice" */ = {
			isa = XCConfigurationList;
			buildConfigurations = (
				F14EC31727049566001B4EE7 /* Debug */,
				F14EC31827049566001B4EE7 /* Release */,
			);
			defaultConfigurationIsVisible = 0;
			defaultConfigurationName = Release;
		};
		F14EC31927049566001B4EE7 /* Build configuration list for PBXNativeTarget "MVVMPractice" */ = {
			isa = XCConfigurationList;
			buildConfigurations = (
				F14EC31A27049566001B4EE7 /* Debug */,
				F14EC31B27049566001B4EE7 /* Release */,
			);
			defaultConfigurationIsVisible = 0;
			defaultConfigurationName = Release;
		};
/* End XCConfigurationList section */
	};
	rootObject = F14EC2FD27049565001B4EE7 /* Project object */;
}
